
Microsoft Visual Studio Solution File, Format Version 12.00
# Visual Studio Version 17
VisualStudioVersion = 17.9.34607.119
MinimumVisualStudioVersion = 10.0.40219.1
Project("{8BC9CEB8-8B4A-11D0-8D11-00A0C91BC942}") = "polymorph", "polymorph\polymorph.vcxproj", "{5A721507-F02C-4C8E-ACCE-570C7F225A9B}"
EndProject
Project("{8BC9CEB8-8B4A-11D0-8D11-00A0C91BC942}") = "noOveridding", "noOveridding\noOveridding.vcxproj", "{4371CAE5-001A-4C02-AF26-9E5A5E1E305A}"
EndProject
Project("{8BC9CEB8-8B4A-11D0-8D11-00A0C91BC942}") = "noPewarisan", "noPewarisan\noPewarisan.vcxproj", "{A0785370-8B00-43EB-AF1E-CB02C33EABBB}"
EndProject
Project("{8BC9CEB8-8B4A-11D0-8D11-00A0C91BC942}") = "Enkapsulasi", "Enkapsulasi\Enkapsulasi.vcxproj", "{1D280801-589B-4FCB-B7AE-8C7D6F39F7DB}"
EndProject
Project("{8BC9CEB8-8B4A-11D0-8D11-00A0C91BC942}") = "Abstraksi", "Abstraksi\Abstraksi.vcxproj", "{F5EE9F4F-5848-4124-A981-E377F57AE91E}"
EndProject
Project("{8BC9CEB8-8B4A-11D0-8D11-00A0C91BC942}") = "AbstraksiHeader", "AbstraksiHeader\AbstraksiHeader.vcxproj", "{B48E4395-B41C-497E-A152-1BECA1EE857E}"
EndProject
Global
	GlobalSection(SolutionConfigurationPlatforms) = preSolution
		Debug|x64 = Debug|x64
		Debug|x86 = Debug|x86
		Release|x64 = Release|x64
		Release|x86 = Release|x86
	EndGlobalSection
	GlobalSection(ProjectConfigurationPlatforms) = postSolution
		{5A721507-F02C-4C8E-ACCE-570C7F225A9B}.Debug|x64.ActiveCfg = Debug|x64
		{5A721507-F02C-4C8E-ACCE-570C7F225A9B}.Debug|x64.Build.0 = Debug|x64
		{5A721507-F02C-4C8E-ACCE-570C7F225A9B}.Debug|x86.ActiveCfg = Debug|Win32
		{5A721507-F02C-4C8E-ACCE-570C7F225A9B}.Debug|x86.Build.0 = Debug|Win32
		{5A721507-F02C-4C8E-ACCE-570C7F225A9B}.Release|x64.ActiveCfg = Release|x64
		{5A721507-F02C-4C8E-ACCE-570C7F225A9B}.Release|x64.Build.0 = Release|x64
		{5A721507-F02C-4C8E-ACCE-570C7F225A9B}.Release|x86.ActiveCfg = Release|Win32
		{5A721507-F02C-4C8E-ACCE-570C7F225A9B}.Release|x86.Build.0 = Release|Win32
		{4371CAE5-001A-4C02-AF26-9E5A5E1E305A}.Debug|x64.ActiveCfg = Debug|x64
		{4371CAE5-001A-4C02-AF26-9E5A5E1E305A}.Debug|x64.Build.0 = Debug|x64
		{4371CAE5-001A-4C02-AF26-9E5A5E1E305A}.Debug|x86.ActiveCfg = Debug|Win32
		{4371CAE5-001A-4C02-AF26-9E5A5E1E305A}.Debug|x86.Build.0 = Debug|Win32
		{4371CAE5-001A-4C02-AF26-9E5A5E1E305A}.Release|x64.ActiveCfg = Release|x64
		{4371CAE5-001A-4C02-AF26-9E5A5E1E305A}.Release|x64.Build.0 = Release|x64
		{4371CAE5-001A-4C02-AF26-9E5A5E1E305A}.Release|x86.ActiveCfg = Release|Win32
		{4371CAE5-001A-4C02-AF26-9E5A5E1E305A}.Release|x86.Build.0 = Release|Win32
		{A0785370-8B00-43EB-AF1E-CB02C33EABBB}.Debug|x64.ActiveCfg = Debug|x64
		{A0785370-8B00-43EB-AF1E-CB02C33EABBB}.Debug|x64.Build.0 = Debug|x64
		{A0785370-8B00-43EB-AF1E-CB02C33EABBB}.Debug|x86.ActiveCfg = Debug|Win32
		{A0785370-8B00-43EB-AF1E-CB02C33EABBB}.Debug|x86.Build.0 = Debug|Win32
		{A0785370-8B00-43EB-AF1E-CB02C33EABBB}.Release|x64.ActiveCfg = Release|x64
		{A0785370-8B00-43EB-AF1E-CB02C33EABBB}.Release|x64.Build.0 = Release|x64
		{A0785370-8B00-43EB-AF1E-CB02C33EABBB}.Release|x86.ActiveCfg = Release|Win32
		{A0785370-8B00-43EB-AF1E-CB02C33EABBB}.Release|x86.Build.0 = Release|Win32
		{1D280801-589B-4FCB-B7AE-8C7D6F39F7DB}.Debug|x64.ActiveCfg = Debug|x64
		{1D280801-589B-4FCB-B7AE-8C7D6F39F7DB}.Debug|x64.Build.0 = Debug|x64
		{1D280801-589B-4FCB-B7AE-8C7D6F39F7DB}.Debug|x86.ActiveCfg = Debug|Win32
		{1D280801-589B-4FCB-B7AE-8C7D6F39F7DB}.Debug|x86.Build.0 = Debug|Win32
		{1D280801-589B-4FCB-B7AE-8C7D6F39F7DB}.Release|x64.ActiveCfg = Release|x64
		{1D280801-589B-4FCB-B7AE-8C7D6F39F7DB}.Release|x64.Build.0 = Release|x64
		{1D280801-589B-4FCB-B7AE-8C7D6F39F7DB}.Release|x86.ActiveCfg = Release|Win32
		{1D280801-589B-4FCB-B7AE-8C7D6F39F7DB}.Release|x86.Build.0 = Release|Win32
		{F5EE9F4F-5848-4124-A981-E377F57AE91E}.Debug|x64.ActiveCfg = Debug|x64
		{F5EE9F4F-5848-4124-A981-E377F57AE91E}.Debug|x64.Build.0 = Debug|x64
		{F5EE9F4F-5848-4124-A981-E377F57AE91E}.Debug|x86.ActiveCfg = Debug|Win32
		{F5EE9F4F-5848-4124-A981-E377F57AE91E}.Debug|x86.Build.0 = Debug|Win32
		{F5EE9F4F-5848-4124-A981-E377F57AE91E}.Release|x64.ActiveCfg = Release|x64
		{F5EE9F4F-5848-4124-A981-E377F57AE91E}.Release|x64.Build.0 = Release|x64
		{F5EE9F4F-5848-4124-A981-E377F57AE91E}.Release|x86.ActiveCfg = Release|Win32
		{F5EE9F4F-5848-4124-A981-E377F57AE91E}.Release|x86.Build.0 = Release|Win32
		{B48E4395-B41C-497E-A152-1BECA1EE857E}.Debug|x64.ActiveCfg = Debug|x64
		{B48E4395-B41C-497E-A152-1BECA1EE857E}.Debug|x64.Build.0 = Debug|x64
		{B48E4395-B41C-497E-A152-1BECA1EE857E}.Debug|x86.ActiveCfg = Debug|Win32
		{B48E4395-B41C-497E-A152-1BECA1EE857E}.Debug|x86.Build.0 = Debug|Win32
		{B48E4395-B41C-497E-A152-1BECA1EE857E}.Release|x64.ActiveCfg = Release|x64
		{B48E4395-B41C-497E-A152-1BECA1EE857E}.Release|x64.Build.0 = Release|x64
		{B48E4395-B41C-497E-A152-1BECA1EE857E}.Release|x86.ActiveCfg = Release|Win32
		{B48E4395-B41C-497E-A152-1BECA1EE857E}.Release|x86.Build.0 = Release|Win32
	EndGlobalSection
	GlobalSection(SolutionProperties) = preSolution
		HideSolutionNode = FALSE
	EndGlobalSection
	GlobalSection(ExtensibilityGlobals) = postSolution
		SolutionGuid = {4449E2CA-9C24-425E-B4ED-50E511E4C2FE}
	EndGlobalSection
EndGlobal
